github.com/jackc/pgpassfile v1.0.0 h1:/6Hmqy13Ss2zCq62VdNG8tM1wchn8zjSGOBJ6icpsIM=
github.com/jackc/pgpassfile v1.0.0/go.mod h1:CEx0iS5ambNFdcRtxPj5JhEz+xB6uRky5eyVu/W2HEg=
github.com/jackc/pgservicefile v0.0.0-20240606120523-5a60cdf6a761 h1:iCEnooe7UlwOQYpKFhBabPMi4aNAfoODPEFNiAnClxo=
github.com/jackc/pgservicefile v0.0.0-20240606120523-5a60cdf6a761/go.mod h1:5TJZWKEWniPve33vlWYSoGYefn3gLQRzjfDlhSJ9ZKM=
github.com/jackc/pgx/v5 v5.10.0 h1:VhSvgU2jSli8o3AqIEOTJr7rZwAEUVo4E4XhR94Zfr0=
github.com/jackc/pgx/v5 v5.10.0/go.mod h1:mal1tBGAFfLHvZzaYh77YS/eC6IX9OWbRV1QIIM0Jn4=
github.com/jackc/puddle/v2 v2.2.2 h1:PR8nw+E/1w0GLuRFSmiioY6UooMp6KJv0/61nB7icHo=
github.com/jackc/puddle/v2 v2.2.2/go.mod h1:vriiEXHvEE654aYKXXjOvZM39qJ0q+azkZFrfEOc3H4=
github.com/riverqueue/river v0.44.1 h1:RTSmxsfxMA2fWmNP5fjkMBQ89g55o0jZhJdXQkAuNXs=
github.com/riverqueue/river v0.44.1/go.mod h1:IXYp7GIbWfeW1F2q/8USppMRU8zduixLgDc69FpDNHg=
github.com/riverqueue/river/riverdriver v0.44.1 h1:ZDWC5YrWD38eAWPkwIbhNLWDrU+gqy5v7MA6hsFVQmY=
github.com/riverqueue/river/riverdriver v0.44.1/go.mod h1:oYT5b5KWczcf9qxX/tUZHy6eqAwPHpqSiDz/AQQw3hU=
github.com/riverqueue/river/riverdriver/riverpgxv5 v0.44.1 h1:C8oU/ca8MNmbxcUaA5MZfFBGm+zN1mtD3q0IQ5swQ/g=
github.com/riverqueue/river/riverdriver/riverpgxv5 v0.44.1/go.mod h1:GDDUOTTDfULearfjknVJ+bsMWwwC+1gb4WeyXM3k0xw=
github.com/riverqueue/river/rivershared v0.44.1 h1:QTFc7vCLmdy+6MN3Tkv5gGEdkLzzv/vBc60G4A35aWk=
github.com/riverqueue/river/rivershared v0.44.1/go.mod h1:NBD6huYureyKGK91eoIm5iDPngolm57YvHu06Ma4aeM=
github.com/riverqueue/river/rivertype v0.44.1 h1:G9UnsBJhlndreMPdjHSoY8wp+OTAsDTTzOpwvZQJv6M=
github.com/riverqueue/river/rivertype v0.44.1/go.mod h1:D1Ad+EaZiaXbQbJcJcfeicXJMBKno0n6UcfKI5Q7DIQ=
github.com/stretchr/testify v1.12.1 h1:EuwCh5fleGS7H32xRwO3wRGT7DxrDhLAT6FF8MpWDWE=
github.com/stretchr/testify v1.12.1/go.mod h1:MDEgiDPPsNp5cuIrHPPCyornHKgEVbtFUmoNlxoYthg=
go.uber.org/goleak v1.3.0 h1:2K3zAYmnTNqV73imy9J1T3WC+gmCePx2hEGkimedGto=
go.uber.org/goleak v1.3.0/go.mod h1:CoHD4mav9JJNrW/WLlf7HGZPjdw8EucARQHekz1X6bE=
go.yaml.in/yaml/v3 v3.0.5 h1:N6y/pJk8buWs9NY5ERU2HSMfm+IuD/OtfdAnq6kESPw=
go.yaml.in/yaml/v3 v3.0.5/go.mod h1:HVTZu1O7/Vkt2N+BFy8Zza+lnLsABggaTM2ZpNIGuKg=
golang.org/x/sync v0.22.0 h1:SZjpbeLmrCk4xhRSZFNZW5gFUeCeFgjekvI/+gfScek=
golang.org/x/sync v0.22.0/go.mod h1:9xrNwdLfx4jkKbNva9FpL6vEN7evnE43NNNJQ2LF3+0=
golang.org/x/text v0.41.0 h1:vz/seA0lnX87Othu2f/0L24RcgrXD9/YFTSuGjj3rH8=
golang.org/x/text v0.41.0/go.mod h1:jvf1O8ajNzZqhSrQBPbutR/EB83Cc0CFrezNQIwbb5M=
